DEPENDENCIES
  docker_wrapper
    path: ../cookbooks/docker_wrapper
  hostname
  modules
    path: ../cookbooks/modules
  network_interfaces_wrapper
    path: ../cookbooks/network_interfaces_wrapper
  ntp
  packer_docker
    path: .
    metadata: true

GRAPH
  chef_handler (1.2.0)
  compat_resource (12.5.14)
  docker (2.2.4)
    compat_resource (>= 0.0.0)
  docker_wrapper (0.1.0)
    docker (~> 2.0)
  hostname (0.3.0)
    hostsfile (>= 0.0.0)
  hostsfile (2.4.5)
  modules (0.1.0)
  ms_dotnet2 (1.0.0)
    windows (>= 0.0.0)
  ms_dotnet4 (1.0.2)
    windows (>= 0.0.0)
  ms_dotnet45 (2.0.0)
    windows (>= 0.0.0)
  network_interfaces_v2 (2.5.0)
    modules (~> 0.2.0)
    powershell (>= 0.0.0)
  network_interfaces_wrapper (0.1.0)
    network_interfaces_v2 (~> 2.0)
  ntp (1.8.6)
  packer_docker (0.1.0)
    docker_wrapper (>= 0.0.0)
    hostname (>= 0.0.0)
    modules (>= 0.0.0)
    network_interfaces_wrapper (>= 0.0.0)
    ntp (>= 0.0.0)
  powershell (3.1.0)
    chef_handler (>= 0.0.0)
    ms_dotnet2 (>= 0.0.0)
    ms_dotnet4 (>= 0.0.0)
    ms_dotnet45 (>= 0.0.0)
    windows (>= 1.2.8)
  windows (1.38.3)
    chef_handler (>= 0.0.0)
